
Microsoft Visual Studio Solution File, Format Version 12.00
# Visual Studio Version 17
VisualStudioVersion = 17.10.35004.147
MinimumVisualStudioVersion = 10.0.40219.1
Project("{FAE04EC0-301F-11D3-BF4B-00C04F79EFBC}") = "PCH_LESSON09", "PCH_LESSON09\PCH_LESSON09.csproj", "{7E091C67-A993-43FA-91C7-4FBA48D6ED7B}"
EndProject
Global
	GlobalSection(SolutionConfigurationPlatforms) = preSolution
		Debug|Any CPU = Debug|Any CPU
		Release|Any CPU = Release|Any CPU
	EndGlobalSection
	GlobalSection(ProjectConfigurationPlatforms) = postSolution
		{7E091C67-A993-43FA-91C7-4FBA48D6ED7B}.Debug|Any CPU.ActiveCfg = Debug|Any CPU
		{7E091C67-A993-43FA-91C7-4FBA48D6ED7B}.Debug|Any CPU.Build.0 = Debug|Any CPU
		{7E091C67-A993-43FA-91C7-4FBA48D6ED7B}.Release|Any CPU.ActiveCfg = Release|Any CPU
		{7E091C67-A993-43FA-91C7-4FBA48D6ED7B}.Release|Any CPU.Build.0 = Release|Any CPU
	EndGlobalSection
	GlobalSection(SolutionProperties) = preSolution
		HideSolutionNode = FALSE
	EndGlobalSection
	GlobalSection(ExtensibilityGlobals) = postSolution
		SolutionGuid = {464C5641-3849-473A-9EB6-8282DAA89DDC}
	EndGlobalSection
EndGlobal
